
Microsoft Visual Studio Solution File, Format Version 12.00
# Visual Studio 15
VisualStudioVersion = 15.0.26124.0
MinimumVisualStudioVersion = 15.0.26124.0
Project("{2150E333-8FDC-42A3-9474-1A3956D46DE8}") = "src", "src", "{EDEA96DA-739B-4EA1-AC25-C8002BC4DB9B}"
EndProject
Project("{FAE04EC0-301F-11D3-BF4B-00C04F79EFBC}") = "PalTracker", "src\PalTracker\PalTracker.csproj", "{6AE72C82-7327-4E87-9176-54B9A90C0C25}"
EndProject
Project("{2150E333-8FDC-42A3-9474-1A3956D46DE8}") = "test", "test", "{7BCBC14F-0961-4A78-B519-3DC2ED0E4723}"
EndProject
Project("{FAE04EC0-301F-11D3-BF4B-00C04F79EFBC}") = "PalTrackerTests", "test\PalTrackerTests\PalTrackerTests.csproj", "{31FDD82D-D99E-4829-86EF-F4A7DEB044D2}"
EndProject
Global
	GlobalSection(SolutionConfigurationPlatforms) = preSolution
		Debug|Any CPU = Debug|Any CPU
		Debug|x64 = Debug|x64
		Debug|x86 = Debug|x86
		Release|Any CPU = Release|Any CPU
		Release|x64 = Release|x64
		Release|x86 = Release|x86
	EndGlobalSection
	GlobalSection(SolutionProperties) = preSolution
		HideSolutionNode = FALSE
	EndGlobalSection
	GlobalSection(ProjectConfigurationPlatforms) = postSolution
		{6AE72C82-7327-4E87-9176-54B9A90C0C25}.Debug|Any CPU.ActiveCfg = Debug|Any CPU
		{6AE72C82-7327-4E87-9176-54B9A90C0C25}.Debug|Any CPU.Build.0 = Debug|Any CPU
		{6AE72C82-7327-4E87-9176-54B9A90C0C25}.Debug|x64.ActiveCfg = Debug|Any CPU
		{6AE72C82-7327-4E87-9176-54B9A90C0C25}.Debug|x64.Build.0 = Debug|Any CPU
		{6AE72C82-7327-4E87-9176-54B9A90C0C25}.Debug|x86.ActiveCfg = Debug|Any CPU
		{6AE72C82-7327-4E87-9176-54B9A90C0C25}.Debug|x86.Build.0 = Debug|Any CPU
		{6AE72C82-7327-4E87-9176-54B9A90C0C25}.Release|Any CPU.ActiveCfg = Release|Any CPU
		{6AE72C82-7327-4E87-9176-54B9A90C0C25}.Release|Any CPU.Build.0 = Release|Any CPU
		{6AE72C82-7327-4E87-9176-54B9A90C0C25}.Release|x64.ActiveCfg = Release|Any CPU
		{6AE72C82-7327-4E87-9176-54B9A90C0C25}.Release|x64.Build.0 = Release|Any CPU
		{6AE72C82-7327-4E87-9176-54B9A90C0C25}.Release|x86.ActiveCfg = Release|Any CPU
		{6AE72C82-7327-4E87-9176-54B9A90C0C25}.Release|x86.Build.0 = Release|Any CPU
		{31FDD82D-D99E-4829-86EF-F4A7DEB044D2}.Debug|Any CPU.ActiveCfg = Debug|Any CPU
		{31FDD82D-D99E-4829-86EF-F4A7DEB044D2}.Debug|Any CPU.Build.0 = Debug|Any CPU
		{31FDD82D-D99E-4829-86EF-F4A7DEB044D2}.Debug|x64.ActiveCfg = Debug|Any CPU
		{31FDD82D-D99E-4829-86EF-F4A7DEB044D2}.Debug|x64.Build.0 = Debug|Any CPU
		{31FDD82D-D99E-4829-86EF-F4A7DEB044D2}.Debug|x86.ActiveCfg = Debug|Any CPU
		{31FDD82D-D99E-4829-86EF-F4A7DEB044D2}.Debug|x86.Build.0 = Debug|Any CPU
		{31FDD82D-D99E-4829-86EF-F4A7DEB044D2}.Release|Any CPU.ActiveCfg = Release|Any CPU
		{31FDD82D-D99E-4829-86EF-F4A7DEB044D2}.Release|Any CPU.Build.0 = Release|Any CPU
		{31FDD82D-D99E-4829-86EF-F4A7DEB044D2}.Release|x64.ActiveCfg = Release|Any CPU
		{31FDD82D-D99E-4829-86EF-F4A7DEB044D2}.Release|x64.Build.0 = Release|Any CPU
		{31FDD82D-D99E-4829-86EF-F4A7DEB044D2}.Release|x86.ActiveCfg = Release|Any CPU
		{31FDD82D-D99E-4829-86EF-F4A7DEB044D2}.Release|x86.Build.0 = Release|Any CPU
	EndGlobalSection
	GlobalSection(NestedProjects) = preSolution
		{6AE72C82-7327-4E87-9176-54B9A90C0C25} = {EDEA96DA-739B-4EA1-AC25-C8002BC4DB9B}
		{31FDD82D-D99E-4829-86EF-F4A7DEB044D2} = {7BCBC14F-0961-4A78-B519-3DC2ED0E4723}
	EndGlobalSection
EndGlobal
